// !$*UTF8*$!
{
	archiveVersion = 1;
	classes = {
	};
	objectVersion = 46;
	objects = {

/* Begin PBXBuildFile section */
		F03E23C81F037A2300410AAC /* main.m in Sources */ = {isa = PBXBuildFile; fileRef = F03E23C71F037A2300410AAC /* main.m */; };
		F03E23CB1F037A2300410AAC /* AppDelegate.m in Sources */ = {isa = PBXBuildFile; fileRef = F03E23CA1F037A2300410AAC /* AppDelegate.m */; };
		F03E23CE1F037A2300410AAC /* ViewController.m in Sources */ = {isa = PBXBuildFile; fileRef = F03E23CD1F037A2300410AAC /* ViewController.m */; };
		F03E23D11F037A2300410AAC /* Main.storyboard in Resources */ = {isa = PBXBuildFile; fileRef = F03E23CF1F037A2300410AAC /* Main.storyboard */; };
		F03E23D31F037A2300410AAC /* Assets.xcassets in Resources */ = {isa = PBXBuildFile; fileRef = F03E23D21F037A2300410AAC /* Assets.xcassets */; };
		F03E23D61F037A2300410AAC /* LaunchScreen.storyboard in Resources */ = {isa = PBXBuildFile; fileRef = F03E23D41F037A2300410AAC /* LaunchScreen.storyboard */; };
		F03E23E11F037A2300410AAC /* StreamingMediaPlayerTests.m in Sources */ = {isa = PBXBuildFile; fileRef = F03E23E01F037A2300410AAC /* StreamingMediaPlayerTests.m */; };
		F03E23EC1F037A2300410AAC /* StreamingMediaPlayerUITests.m in Sources */ = {isa = PBXBuildFile; fileRef = F03E23EB1F037A2300410AAC /* StreamingMediaPlayerUITests.m */; };
/* End PBXBuildFile section */

/* Begin PBXContainerItemProxy section */
		F03E23DD1F037A2300410AAC /* PBXContainerItemProxy */ = {
			isa = PBXContainerItemProxy;
			containerPortal = F03E23BB1F037A2300410AAC /* Project object */;
			proxyType = 1;
			remoteGlobalIDString = F03E23C21F037A2300410AAC;
			remoteInfo = StreamingMediaPlayer;
		};
		F03E23E81F037A2300410AAC /* PBXContainerItemProxy */ = {
			isa = PBXContainerItemProxy;
			containerPortal = F03E23BB1F037A2300410AAC /* Project object */;
			proxyType = 1;
			remoteGlobalIDString = F03E23C21F037A2300410AAC;
			remoteInfo = StreamingMediaPlayer;
		};
/* End PBXContainerItemProxy section */

/* Begin PBXFileReference section */
		F03E23C31F037A2300410AAC /* StreamingMediaPlayer.app */ = {isa = PBXFileReference; explicitFileType = wrapper.application; includeInIndex = 0; path = StreamingMediaPlayer.app; sourceTree = BUILT_PRODUCTS_DIR; };
		F03E23C71F037A2300410AAC /* main.m */ = {isa = PBXFileReference; lastKnownFileType = sourcecode.c.objc; path = main.m; sourceTree = "<group>"; };
		F03E23C91F037A2300410AAC /* AppDelegate.h */ = {isa = PBXFileReference; lastKnownFileType = sourcecode.c.h; path = AppDelegate.h; sourceTree = "<group>"; };
		F03E23CA1F037A2300410AAC /* AppDelegate.m */ = {isa = PBXFileReference; lastKnownFileType = sourcecode.c.objc; path = AppDelegate.m; sourceTree = "<group>"; };
		F03E23CC1F037A2300410AAC /* ViewController.h */ = {isa = PBXFileReference; lastKnownFileType = sourcecode.c.h; path = ViewController.h; sourceTree = "<group>"; };
		F03E23CD1F037A2300410AAC /* ViewController.m */ = {isa = PBXFileReference; lastKnownFileType = sourcecode.c.objc; path = ViewController.m; sourceTree = "<group>"; };
		F03E23D01F037A2300410AAC /* Base */ = {isa = PBXFileReference; lastKnownFileType = file.storyboard; name = Base; path = Base.lproj/Main.storyboard; sourceTree = "<group>"; };
		F03E23D21F037A2300410AAC /* Assets.xcassets */ = {isa = PBXFileReference; lastKnownFileType = folder.assetcatalog; path = Assets.xcassets; sourceTree = "<group>"; };
		F03E23D51F037A2300410AAC /* Base */ = {isa = PBXFileReference; lastKnownFileType = file.storyboard; name = Base; path = Base.lproj/LaunchScreen.storyboard; sourceTree = "<group>"; };
		F03E23D71F037A2300410AAC /* Info.plist */ = {isa = PBXFileReference; lastKnownFileType = text.plist.xml; path = Info.plist; sourceTree = "<group>"; };
		F03E23DC1F037A2300410AAC /* StreamingMediaPlayerTests.xctest */ = {isa = PBXFileReference; explicitFileType = wrapper.cfbundle; includeInIndex = 0; path = StreamingMediaPlayerTests.xctest; sourceTree = BUILT_PRODUCTS_DIR; };
		F03E23E01F037A2300410AAC /* StreamingMediaPlayerTests.m */ = {isa = PBXFileReference; lastKnownFileType = sourcecode.c.objc; path = StreamingMediaPlayerTests.m; sourceTree = "<group>"; };
		F03E23E21F037A2300410AAC /* Info.plist */ = {isa = PBXFileReference; lastKnownFileType = text.plist.xml; path = Info.plist; sourceTree = "<group>"; };
		F03E23E71F037A2300410AAC /* StreamingMediaPlayerUITests.xctest */ = {isa = PBXFileReference; explicitFileType = wrapper.cfbundle; includeInIndex = 0; path = StreamingMediaPlayerUITests.xctest; sourceTree = BUILT_PRODUCTS_DIR; };
		F03E23EB1F037A2300410AAC /* StreamingMediaPlayerUITests.m */ = {isa = PBXFileReference; lastKnownFileType = sourcecode.c.objc; path = StreamingMediaPlayerUITests.m; sourceTree = "<group>"; };
		F03E23ED1F037A2300410AAC /* Info.plist */ = {isa = PBXFileReference; lastKnownFileType = text.plist.xml; path = Info.plist; sourceTree = "<group>"; };
/* End PBXFileReference section */

/* Begin PBXFrameworksBuildPhase section */
		F03E23C01F037A2300410AAC /* Frameworks */ = {
			isa = PBXFrameworksBuildPhase;
			buildActionMask = 2147483647;
			files = (
			);
			runOnlyForDeploymentPostprocessing = 0;
		};
		F03E23D91F037A2300410AAC /* Frameworks */ = {
			isa = PBXFrameworksBuildPhase;
			buildActionMask = 2147483647;
			files = (
			);
			runOnlyForDeploymentPostprocessing = 0;
		};
		F03E23E41F037A2300410AAC /* Frameworks */ = {
			isa = PBXFrameworksBuildPhase;
			buildActionMask = 2147483647;
			files = (
			);
			runOnlyForDeploymentPostprocessing = 0;
		};
/* End PBXFrameworksBuildPhase section */

/* Begin PBXGroup section */
		F03E23BA1F037A2300410AAC = {
			isa = PBXGroup;
			children = (
				F03E23C51F037A2300410AAC /* StreamingMediaPlayer */,
				F03E23DF1F037A2300410AAC /* StreamingMediaPlayerTests */,
				F03E23EA1F037A2300410AAC /* StreamingMediaPlayerUITests */,
				F03E23C41F037A2300410AAC /* Products */,
			);
			sourceTree = "<group>";
		};
		F03E23C41F037A2300410AAC /* Products */ = {
			isa = PBXGroup;
			children = (
				F03E23C31F037A2300410AAC /* StreamingMediaPlayer.app */,
				F03E23DC1F037A2300410AAC /* StreamingMediaPlayerTests.xctest */,
				F03E23E71F037A2300410AAC /* StreamingMediaPlayerUITests.xctest */,
			);
			name = Products;
			sourceTree = "<group>";
		};
		F03E23C51F037A2300410AAC /* StreamingMediaPlayer */ = {
			isa = PBXGroup;
			children = (
				F03E23C91F037A2300410AAC /* AppDelegate.h */,
				F03E23CA1F037A2300410AAC /* AppDelegate.m */,
				F03E23CC1F037A2300410AAC /* ViewController.h */,
				F03E23CD1F037A2300410AAC /* ViewController.m */,
				F03E23CF1F037A2300410AAC /* Main.storyboard */,
				F03E23D21F037A2300410AAC /* Assets.xcassets */,
				F03E23D41F037A2300410AAC /* LaunchScreen.storyboard */,
				F03E23D71F037A2300410AAC /* Info.plist */,
				F03E23C61F037A2300410AAC /* Supporting Files */,
			);
			path = StreamingMediaPlayer;
			sourceTree = "<group>";
		};
		F03E23C61F037A2300410AAC /* Supporting Files */ = {
			isa = PBXGroup;
			children = (
				F03E23C71F037A2300410AAC /* main.m */,
			);
			name = "Supporting Files";
			sourceTree = "<group>";
		};
		F03E23DF1F037A2300410AAC /* StreamingMediaPlayerTests */ = {
			isa = PBXGroup;
			children = (
				F03E23E01F037A2300410AAC /* StreamingMediaPlayerTests.m */,
				F03E23E21F037A2300410AAC /* Info.plist */,
			);
			path = StreamingMediaPlayerTests;
			sourceTree = "<group>";
		};
		F03E23EA1F037A2300410AAC /* StreamingMediaPlayerUITests */ = {
			isa = PBXGroup;
			children = (
				F03E23EB1F037A2300410AAC /* StreamingMediaPlayerUITests.m */,
				F03E23ED1F037A2300410AAC /* Info.plist */,
			);
			path = StreamingMediaPlayerUITests;
			sourceTree = "<group>";
		};
/* End PBXGroup section */

/* Begin PBXNativeTarget section */
		F03E23C21F037A2300410AAC /* StreamingMediaPlayer */ = {
			isa = PBXNativeTarget;
			buildConfigurationList = F03E23F01F037A2300410AAC /* Build configuration list for PBXNativeTarget "StreamingMediaPlayer" */;
			buildPhases = (
				F03E23BF1F037A2300410AAC /* Sources */,
				F03E23C01F037A2300410AAC /* Frameworks */,
				F03E23C11F037A2300410AAC /* Resources */,
			);
			buildRules = (
			);
			dependencies = (
			);
			name = StreamingMediaPlayer;
			productName = StreamingMediaPlayer;
			productReference = F03E23C31F037A2300410AAC /* StreamingMediaPlayer.app */;
			productType = "com.apple.product-type.application";
		};
		F03E23DB1F037A2300410AAC /* StreamingMediaPlayerTests */ = {
			isa = PBXNativeTarget;
			buildConfigurationList = F03E23F31F037A2300410AAC /* Build configuration list for PBXNativeTarget "StreamingMediaPlayerTests" */;
			buildPhases = (
				F03E23D81F037A2300410AAC /* Sources */,
				F03E23D91F037A2300410AAC /* Frameworks */,
				F03E23DA1F037A2300410AAC /* Resources */,
			);
			buildRules = (
			);
			dependencies = (
				F03E23DE1F037A2300410AAC /* PBXTargetDependency */,
			);
			name = StreamingMediaPlayerTests;
			productName = StreamingMediaPlayerTests;
			productReference = F03E23DC1F037A2300410AAC /* StreamingMediaPlayerTests.xctest */;
			productType = "com.apple.product-type.bundle.unit-test";
		};
		F03E23E61F037A2300410AAC /* StreamingMediaPlayerUITests */ = {
			isa = PBXNativeTarget;
			buildConfigurationList = F03E23F61F037A2300410AAC /* Build configuration list for PBXNativeTarget "StreamingMediaPlayerUITests" */;
			buildPhases = (
				F03E23E31F037A2300410AAC /* Sources */,
				F03E23E41F037A2300410AAC /* Frameworks */,
				F03E23E51F037A2300410AAC /* Resources */,
			);
			buildRules = (
			);
			dependencies = (
				F03E23E91F037A2300410AAC /* PBXTargetDependency */,
			);
			name = StreamingMediaPlayerUITests;
			productName = StreamingMediaPlayerUITests;
			productReference = F03E23E71F037A2300410AAC /* StreamingMediaPlayerUITests.xctest */;
			productType = "com.apple.product-type.bundle.ui-testing";
		};
/* End PBXNativeTarget section */

/* Begin PBXProject section */
		F03E23BB1F037A2300410AAC /* Project object */ = {
			isa = PBXProject;
			attributes = {
				LastUpgradeCheck = 0830;
				ORGANIZATIONNAME = Yxl;
				TargetAttributes = {
					F03E23C21F037A2300410AAC = {
						CreatedOnToolsVersion = 8.3.3;
						DevelopmentTeam = 35L7CBZD9J;
						ProvisioningStyle = Automatic;
					};
					F03E23DB1F037A2300410AAC = {
						CreatedOnToolsVersion = 8.3.3;
						DevelopmentTeam = 35L7CBZD9J;
						ProvisioningStyle = Automatic;
						TestTargetID = F03E23C21F037A2300410AAC;
					};
					F03E23E61F037A2300410AAC = {
						CreatedOnToolsVersion = 8.3.3;
						DevelopmentTeam = 35L7CBZD9J;
						ProvisioningStyle = Automatic;
						TestTargetID = F03E23C21F037A2300410AAC;
					};
				};
			};
			buildConfigurationList = F03E23BE1F037A2300410AAC /* Build configuration list for PBXProject "StreamingMediaPlayer" */;
			compatibilityVersion = "Xcode 3.2";
			developmentRegion = English;
			hasScannedForEncodings = 0;
			knownRegions = (
				en,
				Base,
			);
			mainGroup = F03E23BA1F037A2300410AAC;
			productRefGroup = F03E23C41F037A2300410AAC /* Products */;
			projectDirPath = "";
			projectRoot = "";
			targets = (
				F03E23C21F037A2300410AAC /* StreamingMediaPlayer */,
				F03E23DB1F037A2300410AAC /* StreamingMediaPlayerTests */,
				F03E23E61F037A2300410AAC /* StreamingMediaPlayerUITests */,
			);
		};
/* End PBXProject section */

/* Begin PBXResourcesBuildPhase section */
		F03E23C11F037A2300410AAC /* Resources */ = {
			isa = PBXResourcesBuildPhase;
			buildActionMask = 2147483647;
			files = (
				F03E23D61F037A2300410AAC /* LaunchScreen.storyboard in Resources */,
				F03E23D31F037A2300410AAC /* Assets.xcassets in Resources */,
				F03E23D11F037A2300410AAC /* Main.storyboard in Resources */,
			);
			runOnlyForDeploymentPostprocessing = 0;
		};
		F03E23DA1F037A2300410AAC /* Resources */ = {
			isa = PBXResourcesBuildPhase;
			buildActionMask = 2147483647;
			files = (
			);
			runOnlyForDeploymentPostprocessing = 0;
		};
		F03E23E51F037A2300410AAC /* Resources */ = {
			isa = PBXResourcesBuildPhase;
			buildActionMask = 2147483647;
			files = (
			);
			runOnlyForDeploymentPostprocessing = 0;
		};
/* End PBXResourcesBuildPhase section */

/* Begin PBXSourcesBuildPhase section */
		F03E23BF1F037A2300410AAC /* Sources */ = {
			isa = PBXSourcesBuildPhase;
			buildActionMask = 2147483647;
			files = (
				F03E23CE1F037A2300410AAC /* ViewController.m in Sources */,
				F03E23CB1F037A2300410AAC /* AppDelegate.m in Sources */,
				F03E23C81F037A2300410AAC /* main.m in Sources */,
			);
			runOnlyForDeploymentPostprocessing = 0;
		};
		F03E23D81F037A2300410AAC /* Sources */ = {
			isa = PBXSourcesBuildPhase;
			buildActionMask = 2147483647;
			files = (
				F03E23E11F037A2300410AAC /* StreamingMediaPlayerTests.m in Sources */,
			);
			runOnlyForDeploymentPostprocessing = 0;
		};
		F03E23E31F037A2300410AAC /* Sources */ = {
			isa = PBXSourcesBuildPhase;
			buildActionMask = 2147483647;
			files = (
				F03E23EC1F037A2300410AAC /* StreamingMediaPlayerUITests.m in Sources */,
			);
			runOnlyForDeploymentPostprocessing = 0;
		};
/* End PBXSourcesBuildPhase section */

/* Begin PBXTargetDependency section */
		F03E23DE1F037A2300410AAC /* PBXTargetDependency */ = {
			isa = PBXTargetDependency;
			target = F03E23C21F037A2300410AAC /* StreamingMediaPlayer */;
			targetProxy = F03E23DD1F037A2300410AAC /* PBXContainerItemProxy */;
		};
		F03E23E91F037A2300410AAC /* PBXTargetDependency */ = {
			isa = PBXTargetDependency;
			target = F03E23C21F037A2300410AAC /* StreamingMediaPlayer */;
			targetProxy = F03E23E81F037A2300410AAC /* PBXContainerItemProxy */;
		};
/* End PBXTargetDependency section */

/* Begin PBXVariantGroup section */
		F03E23CF1F037A2300410AAC /* Main.storyboard */ = {
			isa = PBXVariantGroup;
			children = (
				F03E23D01F037A2300410AAC /* Base */,
			);
			name = Main.storyboard;
			sourceTree = "<group>";
		};
		F03E23D41F037A2300410AAC /* LaunchScreen.storyboard */ = {
			isa = PBXVariantGroup;
			children = (
				F03E23D51F037A2300410AAC /* Base */,
			);
			name = LaunchScreen.storyboard;
			sourceTree = "<group>";
		};
/* End PBXVariantGroup section */

/* Begin XCBuildConfiguration section */
		F03E23EE1F037A2300410AAC /* Debug */ = {
			isa = XCBuildConfiguration;
			buildSettings = {
				ALWAYS_SEARCH_USER_PATHS = NO;
				CLANG_ANALYZER_NONNULL = YES;
				CLANG_ANALYZER_NUMBER_OBJECT_CONVERSION = YES_AGGRESSIVE;
				CLANG_CXX_LANGUAGE_STANDARD = "gnu++0x";
				CLANG_CXX_LIBRARY = "libc++";
				CLANG_ENABLE_MODULES = YES;
				CLANG_ENABLE_OBJC_ARC = YES;
				CLANG_WARN_BOOL_CONVERSION = YES;
				CLANG_WARN_CONSTANT_CONVERSION = YES;
				CLANG_WARN_DIRECT_OBJC_ISA_USAGE = YES_ERROR;
				CLANG_WARN_DOCUMENTATION_COMMENTS = YES;
				CLANG_WARN_EMPTY_BODY = YES;
				CLANG_WARN_ENUM_CONVERSION = YES;
				CLANG_WARN_INFINITE_RECURSION = YES;
				CLANG_WARN_INT_CONVERSION = YES;
				CLANG_WARN_OBJC_ROOT_CLASS = YES_ERROR;
				CLANG_WARN_SUSPICIOUS_MOVE = YES;
				CLANG_WARN_UNREACHABLE_CODE = YES;
				CLANG_WARN__DUPLICATE_METHOD_MATCH = YES;
				"CODE_SIGN_IDENTITY[sdk=iphoneos*]" = "iPhone Developer";
				COPY_PHASE_STRIP = NO;
				DEBUG_INFORMATION_FORMAT = dwarf;
				ENABLE_STRICT_OBJC_MSGSEND = YES;
				ENABLE_TESTABILITY = YES;
				GCC_C_LANGUAGE_STANDARD = gnu99;
				GCC_DYNAMIC_NO_PIC = NO;
				GCC_NO_COMMON_BLOCKS = YES;
				GCC_OPTIMIZATION_LEVEL = 0;
				GCC_PREPROCESSOR_DEFINITIONS = (
					"DEBUG=1",
					"$(inherited)",
				);
				GCC_WARN_64_TO_32_BIT_CONVERSION = YES;
				GCC_WARN_ABOUT_RETURN_TYPE = YES_ERROR;
				GCC_WARN_UNDECLARED_SELECTOR = YES;
				GCC_WARN_UNINITIALIZED_AUTOS = YES_AGGRESSIVE;
				GCC_WARN_UNUSED_FUNCTION = YES;
				GCC_WARN_UNUSED_VARIABLE = YES;
				IPHONEOS_DEPLOYMENT_TARGET = 10.3;
				MTL_ENABLE_DEBUG_INFO = YES;
				ONLY_ACTIVE_ARCH = YES;
				SDKROOT = iphoneos;
			};
			name = Debug;
		};
		F03E23EF1F037A2300410AAC /* Release */ = {
			isa = XCBuildConfiguration;
			buildSettings = {
				ALWAYS_SEARCH_USER_PATHS = NO;
				CLANG_ANALYZER_NONNULL = YES;
				CLANG_ANALYZER_NUMBER_OBJECT_CONVERSION = YES_AGGRESSIVE;
				CLANG_CXX_LANGUAGE_STANDARD = "gnu++0x";
				CLANG_CXX_LIBRARY = "libc++";
				CLANG_ENABLE_MODULES = YES;
				CLANG_ENABLE_OBJC_ARC = YES;
				CLANG_WARN_BOOL_CONVERSION = YES;
				CLANG_WARN_CONSTANT_CONVERSION = YES;
				CLANG_WARN_DIRECT_OBJC_ISA_USAGE = YES_ERROR;
				CLANG_WARN_DOCUMENTATION_COMMENTS = YES;
				CLANG_WARN_EMPTY_BODY = YES;
				CLANG_WARN_ENUM_CONVERSION = YES;
				CLANG_WARN_INFINITE_RECURSION = YES;
				CLANG_WARN_INT_CONVERSION = YES;
				CLANG_WARN_OBJC_ROOT_CLASS = YES_ERROR;
				CLANG_WARN_SUSPICIOUS_MOVE = YES;
				CLANG_WARN_UNREACHABLE_CODE = YES;
				CLANG_WARN__DUPLICATE_METHOD_MATCH = YES;
				"CODE_SIGN_IDENTITY[sdk=iphoneos*]" = "iPhone Developer";
				COPY_PHASE_STRIP = NO;
				DEBUG_INFORMATION_FORMAT = "dwarf-with-dsym";
				ENABLE_NS_ASSERTIONS = NO;
				ENABLE_STRICT_OBJC_MSGSEND = YES;
				GCC_C_LANGUAGE_STANDARD = gnu99;
				GCC_NO_COMMON_BLOCKS = YES;
				GCC_WARN_64_TO_32_BIT_CONVERSION = YES;
				GCC_WARN_ABOUT_RETURN_TYPE = YES_ERROR;
				GCC_WARN_UNDECLARED_SELECTOR = YES;
				GCC_WARN_UNINITIALIZED_AUTOS = YES_AGGRESSIVE;
				GCC_WARN_UNUSED_FUNCTION = YES;
				GCC_WARN_UNUSED_VARIABLE = YES;
				IPHONEOS_DEPLOYMENT_TARGET = 10.3;
				MTL_ENABLE_DEBUG_INFO = NO;
				SDKROOT = iphoneos;
				VALIDATE_PRODUCT = YES;
			};
			name = Release;
		};
		F03E23F11F037A2300410AAC /* Debug */ = {
			isa = XCBuildConfiguration;
			buildSettings = {
				ASSETCATALOG_COMPILER_APPICON_NAME = AppIcon;
				DEVELOPMENT_TEAM = 35L7CBZD9J;
				INFOPLIST_FILE = StreamingMediaPlayer/Info.plist;
				LD_RUNPATH_SEARCH_PATHS = "$(inherited) @executable_path/Frameworks";
				PRODUCT_BUNDLE_IDENTIFIER = com.yxl.StreamingMediaPlayer;
				PRODUCT_NAME = "$(TARGET_NAME)";
			};
			name = Debug;
		};
		F03E23F21F037A2300410AAC /* Release */ = {
			isa = XCBuildConfiguration;
			buildSettings = {
				ASSETCATALOG_COMPILER_APPICON_NAME = AppIcon;
				DEVELOPMENT_TEAM = 35L7CBZD9J;
				INFOPLIST_FILE = StreamingMediaPlayer/Info.plist;
				LD_RUNPATH_SEARCH_PATHS = "$(inherited) @executable_path/Frameworks";
				PRODUCT_BUNDLE_IDENTIFIER = com.yxl.StreamingMediaPlayer;
				PRODUCT_NAME = "$(TARGET_NAME)";
			};
			name = Release;
		};
		F03E23F41F037A2300410AAC /* Debug */ = {
			isa = XCBuildConfiguration;
			buildSettings = {
				BUNDLE_LOADER = "$(TEST_HOST)";
				DEVELOPMENT_TEAM = 35L7CBZD9J;
				INFOPLIST_FILE = StreamingMediaPlayerTests/Info.plist;
				LD_RUNPATH_SEARCH_PATHS = "$(inherited) @executable_path/Frameworks @loader_path/Frameworks";
				PRODUCT_BUNDLE_IDENTIFIER = com.yxl.StreamingMediaPlayerTests;
				PRODUCT_NAME = "$(TARGET_NAME)";
				TEST_HOST = "$(BUILT_PRODUCTS_DIR)/StreamingMediaPlayer.app/StreamingMediaPlayer";
			};
			name = Debug;
		};
		F03E23F51F037A2300410AAC /* Release */ = {
			isa = XCBuildConfiguration;
			buildSettings = {
				BUNDLE_LOADER = "$(TEST_HOST)";
				DEVELOPMENT_TEAM = 35L7CBZD9J;
				INFOPLIST_FILE = StreamingMediaPlayerTests/Info.plist;
				LD_RUNPATH_SEARCH_PATHS = "$(inherited) @executable_path/Frameworks @loader_path/Frameworks";
				PRODUCT_BUNDLE_IDENTIFIER = com.yxl.StreamingMediaPlayerTests;
				PRODUCT_NAME = "$(TARGET_NAME)";
				TEST_HOST = "$(BUILT_PRODUCTS_DIR)/StreamingMediaPlayer.app/StreamingMediaPlayer";
			};
			name = Release;
		};
		F03E23F71F037A2300410AAC /* Debug */ = {
			isa = XCBuildConfiguration;
			buildSettings = {
				DEVELOPMENT_TEAM = 35L7CBZD9J;
				INFOPLIST_FILE = StreamingMediaPlayerUITests/Info.plist;
				LD_RUNPATH_SEARCH_PATHS = "$(inherited) @executable_path/Frameworks @loader_path/Frameworks";
				PRODUCT_BUNDLE_IDENTIFIER = com.yxl.StreamingMediaPlayerUITests;
				PRODUCT_NAME = "$(TARGET_NAME)";
				TEST_TARGET_NAME = StreamingMediaPlayer;
			};
			name = Debug;
		};
		F03E23F81F037A2300410AAC /* Release */ = {
			isa = XCBuildConfiguration;
			buildSettings = {
				DEVELOPMENT_TEAM = 35L7CBZD9J;
				INFOPLIST_FILE = StreamingMediaPlayerUITests/Info.plist;
				LD_RUNPATH_SEARCH_PATHS = "$(inherited) @executable_path/Frameworks @loader_path/Frameworks";
				PRODUCT_BUNDLE_IDENTIFIER = com.yxl.StreamingMediaPlayerUITests;
				PRODUCT_NAME = "$(TARGET_NAME)";
				TEST_TARGET_NAME = StreamingMediaPlayer;
			};
			name = Release;
		};
/* End XCBuildConfiguration section */

/* Begin XCConfigurationList section */
		F03E23BE1F037A2300410AAC /* Build configuration list for PBXProject "StreamingMediaPlayer" */ = {
			isa = XCConfigurationList;
			buildConfigurations = (
				F03E23EE1F037A2300410AAC /* Debug */,
				F03E23EF1F037A2300410AAC /* Release */,
			);
			defaultConfigurationIsVisible = 0;
			defaultConfigurationName = Release;
		};
		F03E23F01F037A2300410AAC /* Build configuration list for PBXNativeTarget "StreamingMediaPlayer" */ = {
			isa = XCConfigurationList;
			buildConfigurations = (
				F03E23F11F037A2300410AAC /* Debug */,
				F03E23F21F037A2300410AAC /* Release */,
			);
			defaultConfigurationIsVisible = 0;
		};
		F03E23F31F037A2300410AAC /* Build configuration list for PBXNativeTarget "StreamingMediaPlayerTests" */ = {
			isa = XCConfigurationList;
			buildConfigurations = (
				F03E23F41F037A2300410AAC /* Debug */,
				F03E23F51F037A2300410AAC /* Release */,
			);
			defaultConfigurationIsVisible = 0;
		};
		F03E23F61F037A2300410AAC /* Build configuration list for PBXNativeTarget "StreamingMediaPlayerUITests" */ = {
			isa = XCConfigurationList;
			buildConfigurations = (
				F03E23F71F037A2300410AAC /* Debug */,
				F03E23F81F037A2300410AAC /* Release */,
			);
			defaultConfigurationIsVisible = 0;
		};
/* End XCConfigurationList section */
	};
	rootObject = F03E23BB1F037A2300410AAC /* Project object */;
}
